// !$*UTF8*$!
{
	archiveVersion = 1;
	classes = {
	};
	objectVersion = 46;
	objects = {

/* Begin PBXBuildFile section */
		E997F9C31B9ED67600BFE900 /* Shared.h in Headers */ = {isa = PBXBuildFile; fileRef = E997F9C21B9ED67600BFE900 /* Shared.h */; settings = {ATTRIBUTES = (Public, ); }; };
		E997F9C81B9ED68100BFE900 /* HSWatchKitDefinitions.m in Sources */ = {isa = PBXBuildFile; fileRef = E9D179A11AF382A4004A652B /* HSWatchKitDefinitions.m */; settings = {ASSET_TAGS = (); }; };
		E997F9C91B9ED68100BFE900 /* HSPushDefinitions.m in Sources */ = {isa = PBXBuildFile; fileRef = E9D1799D1AF3828A004A652B /* HSPushDefinitions.m */; settings = {ASSET_TAGS = (); }; };
		E997F9D51B9ED94300BFE900 /* HSWatchKitDefinitions.h in Headers */ = {isa = PBXBuildFile; fileRef = E9D179A01AF382A4004A652B /* HSWatchKitDefinitions.h */; settings = {ATTRIBUTES = (Public, ); }; };
		E997F9D61B9ED94300BFE900 /* HSPushDefinitions.h in Headers */ = {isa = PBXBuildFile; fileRef = E9D1799C1AF3828A004A652B /* HSPushDefinitions.h */; settings = {ATTRIBUTES = (Public, ); }; };
/* End PBXBuildFile section */

/* Begin PBXFileReference section */
		E997F9C01B9ED67600BFE900 /* Shared.framework */ = {isa = PBXFileReference; explicitFileType = wrapper.framework; includeInIndex = 0; path = Shared.framework; sourceTree = BUILT_PRODUCTS_DIR; };
		E997F9C21B9ED67600BFE900 /* Shared.h */ = {isa = PBXFileReference; lastKnownFileType = sourcecode.c.h; path = Shared.h; sourceTree = "<group>"; };
		E997F9C41B9ED67600BFE900 /* Info.plist */ = {isa = PBXFileReference; lastKnownFileType = text.plist.xml; path = Info.plist; sourceTree = "<group>"; };
		E9D179841AF3826A004A652B /* Info.plist */ = {isa = PBXFileReference; lastKnownFileType = text.plist.xml; path = Info.plist; sourceTree = "<group>"; };
		E9D179851AF3826A004A652B /* Shared.h */ = {isa = PBXFileReference; lastKnownFileType = sourcecode.c.h; path = Shared.h; sourceTree = "<group>"; };
		E9D1799C1AF3828A004A652B /* HSPushDefinitions.h */ = {isa = PBXFileReference; fileEncoding = 4; lastKnownFileType = sourcecode.c.h; path = HSPushDefinitions.h; sourceTree = "<group>"; };
		E9D1799D1AF3828A004A652B /* HSPushDefinitions.m */ = {isa = PBXFileReference; fileEncoding = 4; lastKnownFileType = sourcecode.c.objc; path = HSPushDefinitions.m; sourceTree = "<group>"; };
		E9D179A01AF382A4004A652B /* HSWatchKitDefinitions.h */ = {isa = PBXFileReference; fileEncoding = 4; lastKnownFileType = sourcecode.c.h; path = HSWatchKitDefinitions.h; sourceTree = "<group>"; };
		E9D179A11AF382A4004A652B /* HSWatchKitDefinitions.m */ = {isa = PBXFileReference; fileEncoding = 4; lastKnownFileType = sourcecode.c.objc; path = HSWatchKitDefinitions.m; sourceTree = "<group>"; };
/* End PBXFileReference section */

/* Begin PBXFrameworksBuildPhase section */
		E997F9BC1B9ED67600BFE900 /* Frameworks */ = {
			isa = PBXFrameworksBuildPhase;
			buildActionMask = 2147483647;
			files = (
			);
			runOnlyForDeploymentPostprocessing = 0;
		};
/* End PBXFrameworksBuildPhase section */

/* Begin PBXGroup section */
		E997F9C11B9ED67600BFE900 /* Shared */ = {
			isa = PBXGroup;
			children = (
				E997F9C21B9ED67600BFE900 /* Shared.h */,
				E997F9C41B9ED67600BFE900 /* Info.plist */,
			);
			path = Shared;
			sourceTree = "<group>";
		};
		E9D179761AF3826A004A652B = {
			isa = PBXGroup;
			children = (
				E9D179821AF3826A004A652B /* Shared */,
				E997F9C11B9ED67600BFE900 /* Shared */,
				E9D179811AF3826A004A652B /* Products */,
			);
			sourceTree = "<group>";
		};
		E9D179811AF3826A004A652B /* Products */ = {
			isa = PBXGroup;
			children = (
				E997F9C01B9ED67600BFE900 /* Shared.framework */,
			);
			name = Products;
			sourceTree = "<group>";
		};
		E9D179821AF3826A004A652B /* Shared */ = {
			isa = PBXGroup;
			children = (
				E9D179A01AF382A4004A652B /* HSWatchKitDefinitions.h */,
				E9D179A11AF382A4004A652B /* HSWatchKitDefinitions.m */,
				E9D1799C1AF3828A004A652B /* HSPushDefinitions.h */,
				E9D1799D1AF3828A004A652B /* HSPushDefinitions.m */,
				E9D179851AF3826A004A652B /* Shared.h */,
				E9D179831AF3826A004A652B /* Supporting Files */,
			);
			path = Shared;
			sourceTree = "<group>";
		};
		E9D179831AF3826A004A652B /* Supporting Files */ = {
			isa = PBXGroup;
			children = (
				E9D179841AF3826A004A652B /* Info.plist */,
			);
			name = "Supporting Files";
			sourceTree = "<group>";
		};
/* End PBXGroup section */

/* Begin PBXHeadersBuildPhase section */
		E997F9BD1B9ED67600BFE900 /* Headers */ = {
			isa = PBXHeadersBuildPhase;
			buildActionMask = 2147483647;
			files = (
				E997F9C31B9ED67600BFE900 /* Shared.h in Headers */,
				E997F9D51B9ED94300BFE900 /* HSWatchKitDefinitions.h in Headers */,
				E997F9D61B9ED94300BFE900 /* HSPushDefinitions.h in Headers */,
			);
			runOnlyForDeploymentPostprocessing = 0;
		};
/* End PBXHeadersBuildPhase section */

/* Begin PBXNativeTarget section */
		E997F9BF1B9ED67600BFE900 /* Shared */ = {
			isa = PBXNativeTarget;
			buildConfigurationList = E997F9C51B9ED67600BFE900 /* Build configuration list for PBXNativeTarget "Shared" */;
			buildPhases = (
				E997F9BB1B9ED67600BFE900 /* Sources */,
				E997F9BC1B9ED67600BFE900 /* Frameworks */,
				E997F9BD1B9ED67600BFE900 /* Headers */,
				E997F9BE1B9ED67600BFE900 /* Resources */,
			);
			buildRules = (
			);
			dependencies = (
			);
			name = Shared;
			productName = Shared;
			productReference = E997F9C01B9ED67600BFE900 /* Shared.framework */;
			productType = "com.apple.product-type.framework";
		};
/* End PBXNativeTarget section */

/* Begin PBXProject section */
		E9D179771AF3826A004A652B /* Project object */ = {
			isa = PBXProject;
			attributes = {
				LastUpgradeCheck = 0700;
				ORGANIZATIONNAME = Highstreet;
				TargetAttributes = {
					E997F9BF1B9ED67600BFE900 = {
						CreatedOnToolsVersion = 7.0;
					};
				};
			};
			buildConfigurationList = E9D1797A1AF3826A004A652B /* Build configuration list for PBXProject "Shared" */;
			compatibilityVersion = "Xcode 3.2";
			developmentRegion = English;
			hasScannedForEncodings = 0;
			knownRegions = (
				en,
			);
			mainGroup = E9D179761AF3826A004A652B;
			productRefGroup = E9D179811AF3826A004A652B /* Products */;
			projectDirPath = "";
			projectRoot = "";
			targets = (
				E997F9BF1B9ED67600BFE900 /* Shared */,
			);
		};
/* End PBXProject section */

/* Begin PBXResourcesBuildPhase section */
		E997F9BE1B9ED67600BFE900 /* Resources */ = {
			isa = PBXResourcesBuildPhase;
			buildActionMask = 2147483647;
			files = (
			);
			runOnlyForDeploymentPostprocessing = 0;
		};
/* End PBXResourcesBuildPhase section */

/* Begin PBXSourcesBuildPhase section */
		E997F9BB1B9ED67600BFE900 /* Sources */ = {
			isa = PBXSourcesBuildPhase;
			buildActionMask = 2147483647;
			files = (
				E997F9C81B9ED68100BFE900 /* HSWatchKitDefinitions.m in Sources */,
				E997F9C91B9ED68100BFE900 /* HSPushDefinitions.m in Sources */,
			);
			runOnlyForDeploymentPostprocessing = 0;
		};
/* End PBXSourcesBuildPhase section */

/* Begin XCBuildConfiguration section */
		E997F9C61B9ED67600BFE900 /* Debug */ = {
			isa = XCBuildConfiguration;
			buildSettings = {
				DEBUG_INFORMATION_FORMAT = dwarf;
				DEFINES_MODULE = YES;
				DYLIB_COMPATIBILITY_VERSION = 1;
				DYLIB_CURRENT_VERSION = 1;
				DYLIB_INSTALL_NAME_BASE = "@rpath";
				INFOPLIST_FILE = Shared/Info.plist;
				INSTALL_PATH = "$(LOCAL_LIBRARY_DIR)/Frameworks";
				LD_RUNPATH_SEARCH_PATHS = "$(inherited) @executable_path/Frameworks @loader_path/Frameworks";
				PRODUCT_BUNDLE_IDENTIFIER = com.highstreet.Shared;
				PRODUCT_NAME = "$(TARGET_NAME)";
				SDKROOT = watchos;
				SKIP_INSTALL = YES;
				TARGETED_DEVICE_FAMILY = 4;
				WATCHOS_DEPLOYMENT_TARGET = 2.0;
			};
			name = Debug;
		};
		E997F9C71B9ED67600BFE900 /* Release */ = {
			isa = XCBuildConfiguration;
			buildSettings = {
				DEFINES_MODULE = YES;
				DYLIB_COMPATIBILITY_VERSION = 1;
				DYLIB_CURRENT_VERSION = 1;
				DYLIB_INSTALL_NAME_BASE = "@rpath";
				INFOPLIST_FILE = Shared/Info.plist;
				INSTALL_PATH = "$(LOCAL_LIBRARY_DIR)/Frameworks";
				LD_RUNPATH_SEARCH_PATHS = "$(inherited) @executable_path/Frameworks @loader_path/Frameworks";
				PRODUCT_BUNDLE_IDENTIFIER = com.highstreet.Shared;
				PRODUCT_NAME = "$(TARGET_NAME)";
				SDKROOT = watchos;
				SKIP_INSTALL = YES;
				TARGETED_DEVICE_FAMILY = 4;
				WATCHOS_DEPLOYMENT_TARGET = 2.0;
			};
			name = Release;
		};
		E9D179941AF3826A004A652B /* Debug */ = {
			isa = XCBuildConfiguration;
			buildSettings = {
				ALWAYS_SEARCH_USER_PATHS = NO;
				CLANG_CXX_LANGUAGE_STANDARD = "gnu++0x";
				CLANG_CXX_LIBRARY = "libc++";
				CLANG_ENABLE_MODULES = YES;
				CLANG_ENABLE_OBJC_ARC = YES;
				CLANG_WARN_BOOL_CONVERSION = YES;
				CLANG_WARN_CONSTANT_CONVERSION = YES;
				CLANG_WARN_DIRECT_OBJC_ISA_USAGE = YES_ERROR;
				CLANG_WARN_EMPTY_BODY = YES;
				CLANG_WARN_ENUM_CONVERSION = YES;
				CLANG_WARN_INT_CONVERSION = YES;
				CLANG_WARN_OBJC_ROOT_CLASS = YES_ERROR;
				CLANG_WARN_UNREACHABLE_CODE = YES;
				CLANG_WARN__DUPLICATE_METHOD_MATCH = YES;
				"CODE_SIGN_IDENTITY[sdk=iphoneos*]" = "iPhone Developer";
				COPY_PHASE_STRIP = NO;
				CURRENT_PROJECT_VERSION = 1;
				DEBUG_INFORMATION_FORMAT = "dwarf-with-dsym";
				ENABLE_STRICT_OBJC_MSGSEND = YES;
				ENABLE_TESTABILITY = YES;
				GCC_C_LANGUAGE_STANDARD = gnu99;
				GCC_DYNAMIC_NO_PIC = NO;
				GCC_NO_COMMON_BLOCKS = YES;
				GCC_OPTIMIZATION_LEVEL = 0;
				GCC_PREPROCESSOR_DEFINITIONS = (
					"DEBUG=1",
					"$(inherited)",
				);
				GCC_SYMBOLS_PRIVATE_EXTERN = NO;
				GCC_WARN_64_TO_32_BIT_CONVERSION = YES;
				GCC_WARN_ABOUT_RETURN_TYPE = YES_ERROR;
				GCC_WARN_UNDECLARED_SELECTOR = YES;
				GCC_WARN_UNINITIALIZED_AUTOS = YES_AGGRESSIVE;
				GCC_WARN_UNUSED_FUNCTION = YES;
				GCC_WARN_UNUSED_VARIABLE = YES;
				IPHONEOS_DEPLOYMENT_TARGET = 8.3;
				MTL_ENABLE_DEBUG_INFO = YES;
				ONLY_ACTIVE_ARCH = YES;
				SDKROOT = iphoneos;
				TARGETED_DEVICE_FAMILY = "1,2";
				VERSIONING_SYSTEM = "apple-generic";
				VERSION_INFO_PREFIX = "";
			};
			name = Debug;
		};
		E9D179951AF3826A004A652B /* Release */ = {
			isa = XCBuildConfiguration;
			buildSettings = {
				ALWAYS_SEARCH_USER_PATHS = NO;
				CLANG_CXX_LANGUAGE_STANDARD = "gnu++0x";
				CLANG_CXX_LIBRARY = "libc++";
				CLANG_ENABLE_MODULES = YES;
				CLANG_ENABLE_OBJC_ARC = YES;
				CLANG_WARN_BOOL_CONVERSION = YES;
				CLANG_WARN_CONSTANT_CONVERSION = YES;
				CLANG_WARN_DIRECT_OBJC_ISA_USAGE = YES_ERROR;
				CLANG_WARN_EMPTY_BODY = YES;
				CLANG_WARN_ENUM_CONVERSION = YES;
				CLANG_WARN_INT_CONVERSION = YES;
				CLANG_WARN_OBJC_ROOT_CLASS = YES_ERROR;
				CLANG_WARN_UNREACHABLE_CODE = YES;
				CLANG_WARN__DUPLICATE_METHOD_MATCH = YES;
				"CODE_SIGN_IDENTITY[sdk=iphoneos*]" = "iPhone Developer";
				COPY_PHASE_STRIP = NO;
				CURRENT_PROJECT_VERSION = 1;
				DEBUG_INFORMATION_FORMAT = "dwarf-with-dsym";
				ENABLE_NS_ASSERTIONS = NO;
				ENABLE_STRICT_OBJC_MSGSEND = YES;
				GCC_C_LANGUAGE_STANDARD = gnu99;
				GCC_NO_COMMON_BLOCKS = YES;
				GCC_WARN_64_TO_32_BIT_CONVERSION = YES;
				GCC_WARN_ABOUT_RETURN_TYPE = YES_ERROR;
				GCC_WARN_UNDECLARED_SELECTOR = YES;
				GCC_WARN_UNINITIALIZED_AUTOS = YES_AGGRESSIVE;
				GCC_WARN_UNUSED_FUNCTION = YES;
				GCC_WARN_UNUSED_VARIABLE = YES;
				IPHONEOS_DEPLOYMENT_TARGET = 8.3;
				MTL_ENABLE_DEBUG_INFO = NO;
				SDKROOT = iphoneos;
				TARGETED_DEVICE_FAMILY = "1,2";
				VALIDATE_PRODUCT = YES;
				VERSIONING_SYSTEM = "apple-generic";
				VERSION_INFO_PREFIX = "";
			};
			name = Release;
		};
/* End XCBuildConfiguration section */

/* Begin XCConfigurationList section */
		E997F9C51B9ED67600BFE900 /* Build configuration list for PBXNativeTarget "Shared" */ = {
			isa = XCConfigurationList;
			buildConfigurations = (
				E997F9C61B9ED67600BFE900 /* Debug */,
				E997F9C71B9ED67600BFE900 /* Release */,
			);
			defaultConfigurationIsVisible = 0;
			defaultConfigurationName = Release;
		};
		E9D1797A1AF3826A004A652B /* Build configuration list for PBXProject "Shared" */ = {
			isa = XCConfigurationList;
			buildConfigurations = (
				E9D179941AF3826A004A652B /* Debug */,
				E9D179951AF3826A004A652B /* Release */,
			);
			defaultConfigurationIsVisible = 0;
			defaultConfigurationName = Release;
		};
/* End XCConfigurationList section */
	};
	rootObject = E9D179771AF3826A004A652B /* Project object */;
}
